// !$*UTF8*$!
{
	archiveVersion = 1;
	classes = {
	};
	objectVersion = 46;
	objects = {

/* Begin PBXBuildFile section */
		410D4FD61C5A63CD0088E0B8 /* main.m in Sources */ = {isa = PBXBuildFile; fileRef = 410D4FD51C5A63CD0088E0B8 /* main.m */; };
		410D4FD91C5A63CD0088E0B8 /* AppDelegate.m in Sources */ = {isa = PBXBuildFile; fileRef = 410D4FD81C5A63CD0088E0B8 /* AppDelegate.m */; };
		410D4FDF1C5A63CD0088E0B8 /* Main.storyboard in Resources */ = {isa = PBXBuildFile; fileRef = 410D4FDD1C5A63CD0088E0B8 /* Main.storyboard */; };
		410D4FE11C5A63CD0088E0B8 /* Assets.xcassets in Resources */ = {isa = PBXBuildFile; fileRef = 410D4FE01C5A63CD0088E0B8 /* Assets.xcassets */; };
		410D4FE41C5A63CD0088E0B8 /* LaunchScreen.storyboard in Resources */ = {isa = PBXBuildFile; fileRef = 410D4FE21C5A63CD0088E0B8 /* LaunchScreen.storyboard */; };
		410D4FED1C5A65270088E0B8 /* OuterSpaceTableViewController.m in Sources */ = {isa = PBXBuildFile; fileRef = 410D4FEC1C5A65260088E0B8 /* OuterSpaceTableViewController.m */; };
		410D4FF01C5A9EA00088E0B8 /* AstronomicalData.m in Sources */ = {isa = PBXBuildFile; fileRef = 410D4FEE1C5A9EA00088E0B8 /* AstronomicalData.m */; };
		418422BE1C63ECE0004851B6 /* OWSpaceDataViewController.m in Sources */ = {isa = PBXBuildFile; fileRef = 418422BD1C63ECE0004851B6 /* OWSpaceDataViewController.m */; };
		41AF9ABE1C6823AD00D21093 /* OWAddSpaceObjectViewController.m in Sources */ = {isa = PBXBuildFile; fileRef = 41AF9ABD1C6823AD00D21093 /* OWAddSpaceObjectViewController.m */; };
		41F499851C5BCCB200C6069C /* Earth.jpg in Resources */ = {isa = PBXBuildFile; fileRef = 41F4997B1C5BCCB200C6069C /* Earth.jpg */; };
		41F499861C5BCCB200C6069C /* EinsteinRing.jpg in Resources */ = {isa = PBXBuildFile; fileRef = 41F4997C1C5BCCB200C6069C /* EinsteinRing.jpg */; };
		41F499871C5BCCB200C6069C /* Jupiter.jpg in Resources */ = {isa = PBXBuildFile; fileRef = 41F4997D1C5BCCB200C6069C /* Jupiter.jpg */; };
		41F499881C5BCCB200C6069C /* Mars.jpg in Resources */ = {isa = PBXBuildFile; fileRef = 41F4997E1C5BCCB200C6069C /* Mars.jpg */; };
		41F499891C5BCCB200C6069C /* Mercury.jpg in Resources */ = {isa = PBXBuildFile; fileRef = 41F4997F1C5BCCB200C6069C /* Mercury.jpg */; };
		41F4998A1C5BCCB200C6069C /* Neptune.jpg in Resources */ = {isa = PBXBuildFile; fileRef = 41F499801C5BCCB200C6069C /* Neptune.jpg */; };
		41F4998B1C5BCCB200C6069C /* Orion.jpg in Resources */ = {isa = PBXBuildFile; fileRef = 41F499811C5BCCB200C6069C /* Orion.jpg */; };
		41F4998C1C5BCCB200C6069C /* Saturn.jpg in Resources */ = {isa = PBXBuildFile; fileRef = 41F499821C5BCCB200C6069C /* Saturn.jpg */; };
		41F4998D1C5BCCB200C6069C /* Uranus.jpg in Resources */ = {isa = PBXBuildFile; fileRef = 41F499831C5BCCB200C6069C /* Uranus.jpg */; };
		41F4998E1C5BCCB200C6069C /* Venus.jpg in Resources */ = {isa = PBXBuildFile; fileRef = 41F499841C5BCCB200C6069C /* Venus.jpg */; };
		41F499911C5BCD9700C6069C /* OWSpaceObject.m in Sources */ = {isa = PBXBuildFile; fileRef = 41F499901C5BCD9700C6069C /* OWSpaceObject.m */; };
		41F499CB1C5C105600C6069C /* SpaceImageViewController.m in Sources */ = {isa = PBXBuildFile; fileRef = 41F499CA1C5C105600C6069C /* SpaceImageViewController.m */; };
/* End PBXBuildFile section */

/* Begin PBXFileReference section */
		410D4FD11C5A63CD0088E0B8 /* Out of this World.app */ = {isa = PBXFileReference; explicitFileType = wrapper.application; includeInIndex = 0; path = "Out of this World.app"; sourceTree = BUILT_PRODUCTS_DIR; };
		410D4FD51C5A63CD0088E0B8 /* main.m */ = {isa = PBXFileReference; lastKnownFileType = sourcecode.c.objc; path = main.m; sourceTree = "<group>"; };
		410D4FD71C5A63CD0088E0B8 /* AppDelegate.h */ = {isa = PBXFileReference; lastKnownFileType = sourcecode.c.h; path = AppDelegate.h; sourceTree = "<group>"; };
		410D4FD81C5A63CD0088E0B8 /* AppDelegate.m */ = {isa = PBXFileReference; lastKnownFileType = sourcecode.c.objc; path = AppDelegate.m; sourceTree = "<group>"; };
		410D4FDE1C5A63CD0088E0B8 /* Base */ = {isa = PBXFileReference; lastKnownFileType = file.storyboard; name = Base; path = Base.lproj/Main.storyboard; sourceTree = "<group>"; };
		410D4FE01C5A63CD0088E0B8 /* Assets.xcassets */ = {isa = PBXFileReference; lastKnownFileType = folder.assetcatalog; path = Assets.xcassets; sourceTree = "<group>"; };
		410D4FE31C5A63CD0088E0B8 /* Base */ = {isa = PBXFileReference; lastKnownFileType = file.storyboard; name = Base; path = Base.lproj/LaunchScreen.storyboard; sourceTree = "<group>"; };
		410D4FE51C5A63CD0088E0B8 /* Info.plist */ = {isa = PBXFileReference; lastKnownFileType = text.plist.xml; path = Info.plist; sourceTree = "<group>"; };
		410D4FEB1C5A65260088E0B8 /* OuterSpaceTableViewController.h */ = {isa = PBXFileReference; fileEncoding = 4; lastKnownFileType = sourcecode.c.h; name = OuterSpaceTableViewController.h; path = ../OuterSpaceTableViewController.h; sourceTree = "<group>"; };
		410D4FEC1C5A65260088E0B8 /* OuterSpaceTableViewController.m */ = {isa = PBXFileReference; fileEncoding = 4; lastKnownFileType = sourcecode.c.objc; name = OuterSpaceTableViewController.m; path = ../OuterSpaceTableViewController.m; sourceTree = "<group>"; };
		410D4FEE1C5A9EA00088E0B8 /* AstronomicalData.m */ = {isa = PBXFileReference; fileEncoding = 4; lastKnownFileType = sourcecode.c.objc; path = AstronomicalData.m; sourceTree = "<group>"; };
		410D4FEF1C5A9EA00088E0B8 /* AstronomicalData.h */ = {isa = PBXFileReference; fileEncoding = 4; lastKnownFileType = sourcecode.c.h; path = AstronomicalData.h; sourceTree = "<group>"; };
		418422BC1C63ECE0004851B6 /* OWSpaceDataViewController.h */ = {isa = PBXFileReference; fileEncoding = 4; lastKnownFileType = sourcecode.c.h; path = OWSpaceDataViewController.h; sourceTree = "<group>"; };
		418422BD1C63ECE0004851B6 /* OWSpaceDataViewController.m */ = {isa = PBXFileReference; fileEncoding = 4; lastKnownFileType = sourcecode.c.objc; path = OWSpaceDataViewController.m; sourceTree = "<group>"; };
		41AF9ABC1C6823AC00D21093 /* OWAddSpaceObjectViewController.h */ = {isa = PBXFileReference; fileEncoding = 4; lastKnownFileType = sourcecode.c.h; path = OWAddSpaceObjectViewController.h; sourceTree = "<group>"; };
		41AF9ABD1C6823AD00D21093 /* OWAddSpaceObjectViewController.m */ = {isa = PBXFileReference; fileEncoding = 4; lastKnownFileType = sourcecode.c.objc; path = OWAddSpaceObjectViewController.m; sourceTree = "<group>"; };
		41F4997B1C5BCCB200C6069C /* Earth.jpg */ = {isa = PBXFileReference; lastKnownFileType = image.jpeg; path = Earth.jpg; sourceTree = "<group>"; };
		41F4997C1C5BCCB200C6069C /* EinsteinRing.jpg */ = {isa = PBXFileReference; lastKnownFileType = image.jpeg; path = EinsteinRing.jpg; sourceTree = "<group>"; };
		41F4997D1C5BCCB200C6069C /* Jupiter.jpg */ = {isa = PBXFileReference; lastKnownFileType = image.jpeg; path = Jupiter.jpg; sourceTree = "<group>"; };
		41F4997E1C5BCCB200C6069C /* Mars.jpg */ = {isa = PBXFileReference; lastKnownFileType = image.jpeg; path = Mars.jpg; sourceTree = "<group>"; };
		41F4997F1C5BCCB200C6069C /* Mercury.jpg */ = {isa = PBXFileReference; lastKnownFileType = image.jpeg; path = Mercury.jpg; sourceTree = "<group>"; };
		41F499801C5BCCB200C6069C /* Neptune.jpg */ = {isa = PBXFileReference; lastKnownFileType = image.jpeg; path = Neptune.jpg; sourceTree = "<group>"; };
		41F499811C5BCCB200C6069C /* Orion.jpg */ = {isa = PBXFileReference; lastKnownFileType = image.jpeg; path = Orion.jpg; sourceTree = "<group>"; };
		41F499821C5BCCB200C6069C /* Saturn.jpg */ = {isa = PBXFileReference; lastKnownFileType = image.jpeg; path = Saturn.jpg; sourceTree = "<group>"; };
		41F499831C5BCCB200C6069C /* Uranus.jpg */ = {isa = PBXFileReference; lastKnownFileType = image.jpeg; path = Uranus.jpg; sourceTree = "<group>"; };
		41F499841C5BCCB200C6069C /* Venus.jpg */ = {isa = PBXFileReference; lastKnownFileType = image.jpeg; path = Venus.jpg; sourceTree = "<group>"; };
		41F4998F1C5BCD9700C6069C /* OWSpaceObject.h */ = {isa = PBXFileReference; fileEncoding = 4; lastKnownFileType = sourcecode.c.h; path = OWSpaceObject.h; sourceTree = "<group>"; };
		41F499901C5BCD9700C6069C /* OWSpaceObject.m */ = {isa = PBXFileReference; fileEncoding = 4; lastKnownFileType = sourcecode.c.objc; path = OWSpaceObject.m; sourceTree = "<group>"; };
		41F499C91C5C105600C6069C /* SpaceImageViewController.h */ = {isa = PBXFileReference; fileEncoding = 4; lastKnownFileType = sourcecode.c.h; path = SpaceImageViewController.h; sourceTree = "<group>"; };
		41F499CA1C5C105600C6069C /* SpaceImageViewController.m */ = {isa = PBXFileReference; fileEncoding = 4; lastKnownFileType = sourcecode.c.objc; path = SpaceImageViewController.m; sourceTree = "<group>"; };
/* End PBXFileReference section */

/* Begin PBXFrameworksBuildPhase section */
		410D4FCE1C5A63CD0088E0B8 /* Frameworks */ = {
			isa = PBXFrameworksBuildPhase;
			buildActionMask = 2147483647;
			files = (
			);
			runOnlyForDeploymentPostprocessing = 0;
		};
/* End PBXFrameworksBuildPhase section */

/* Begin PBXGroup section */
		410D4FC81C5A63CD0088E0B8 = {
			isa = PBXGroup;
			children = (
				410D4FD31C5A63CD0088E0B8 /* Out of this World */,
				410D4FD21C5A63CD0088E0B8 /* Products */,
			);
			sourceTree = "<group>";
		};
		410D4FD21C5A63CD0088E0B8 /* Products */ = {
			isa = PBXGroup;
			children = (
				410D4FD11C5A63CD0088E0B8 /* Out of this World.app */,
			);
			name = Products;
			sourceTree = "<group>";
		};
		410D4FD31C5A63CD0088E0B8 /* Out of this World */ = {
			isa = PBXGroup;
			children = (
				410D4FD71C5A63CD0088E0B8 /* AppDelegate.h */,
				410D4FD81C5A63CD0088E0B8 /* AppDelegate.m */,
				410D4FEB1C5A65260088E0B8 /* OuterSpaceTableViewController.h */,
				410D4FEC1C5A65260088E0B8 /* OuterSpaceTableViewController.m */,
				410D4FDD1C5A63CD0088E0B8 /* Main.storyboard */,
				41AF9ABC1C6823AC00D21093 /* OWAddSpaceObjectViewController.h */,
				41AF9ABD1C6823AD00D21093 /* OWAddSpaceObjectViewController.m */,
				418422BC1C63ECE0004851B6 /* OWSpaceDataViewController.h */,
				418422BD1C63ECE0004851B6 /* OWSpaceDataViewController.m */,
				41F499C91C5C105600C6069C /* SpaceImageViewController.h */,
				41F499CA1C5C105600C6069C /* SpaceImageViewController.m */,
				41F4998F1C5BCD9700C6069C /* OWSpaceObject.h */,
				41F499901C5BCD9700C6069C /* OWSpaceObject.m */,
				410D4FE01C5A63CD0088E0B8 /* Assets.xcassets */,
				410D4FE21C5A63CD0088E0B8 /* LaunchScreen.storyboard */,
				410D4FE51C5A63CD0088E0B8 /* Info.plist */,
				410D4FD41C5A63CD0088E0B8 /* Supporting Files */,
			);
			path = "Out of this World";
			sourceTree = "<group>";
		};
		410D4FD41C5A63CD0088E0B8 /* Supporting Files */ = {
			isa = PBXGroup;
			children = (
				410D4FEE1C5A9EA00088E0B8 /* AstronomicalData.m */,
				410D4FEF1C5A9EA00088E0B8 /* AstronomicalData.h */,
				41F4997B1C5BCCB200C6069C /* Earth.jpg */,
				41F4997C1C5BCCB200C6069C /* EinsteinRing.jpg */,
				41F4997D1C5BCCB200C6069C /* Jupiter.jpg */,
				41F4997E1C5BCCB200C6069C /* Mars.jpg */,
				41F4997F1C5BCCB200C6069C /* Mercury.jpg */,
				41F499801C5BCCB200C6069C /* Neptune.jpg */,
				41F499811C5BCCB200C6069C /* Orion.jpg */,
				41F499821C5BCCB200C6069C /* Saturn.jpg */,
				41F499831C5BCCB200C6069C /* Uranus.jpg */,
				41F499841C5BCCB200C6069C /* Venus.jpg */,
				410D4FD51C5A63CD0088E0B8 /* main.m */,
			);
			name = "Supporting Files";
			sourceTree = "<group>";
		};
/* End PBXGroup section */

/* Begin PBXNativeTarget section */
		410D4FD01C5A63CD0088E0B8 /* Out of this World */ = {
			isa = PBXNativeTarget;
			buildConfigurationList = 410D4FE81C5A63CD0088E0B8 /* Build configuration list for PBXNativeTarget "Out of this World" */;
			buildPhases = (
				410D4FCD1C5A63CD0088E0B8 /* Sources */,
				410D4FCE1C5A63CD0088E0B8 /* Frameworks */,
				410D4FCF1C5A63CD0088E0B8 /* Resources */,
			);
			buildRules = (
			);
			dependencies = (
			);
			name = "Out of this World";
			productName = "Out of this World";
			productReference = 410D4FD11C5A63CD0088E0B8 /* Out of this World.app */;
			productType = "com.apple.product-type.application";
		};
/* End PBXNativeTarget section */

/* Begin PBXProject section */
		410D4FC91C5A63CD0088E0B8 /* Project object */ = {
			isa = PBXProject;
			attributes = {
				LastUpgradeCheck = 0720;
				ORGANIZATIONNAME = mindz;
				TargetAttributes = {
					410D4FD01C5A63CD0088E0B8 = {
						CreatedOnToolsVersion = 7.2;
						DevelopmentTeam = J5H3DQES3M;
					};
				};
			};
			buildConfigurationList = 410D4FCC1C5A63CD0088E0B8 /* Build configuration list for PBXProject "Out of this World" */;
			compatibilityVersion = "Xcode 3.2";
			developmentRegion = English;
			hasScannedForEncodings = 0;
			knownRegions = (
				en,
				Base,
			);
			mainGroup = 410D4FC81C5A63CD0088E0B8;
			productRefGroup = 410D4FD21C5A63CD0088E0B8 /* Products */;
			projectDirPath = "";
			projectRoot = "";
			targets = (
				410D4FD01C5A63CD0088E0B8 /* Out of this World */,
			);
		};
/* End PBXProject section */

/* Begin PBXResourcesBuildPhase section */
		410D4FCF1C5A63CD0088E0B8 /* Resources */ = {
			isa = PBXResourcesBuildPhase;
			buildActionMask = 2147483647;
			files = (
				41F499851C5BCCB200C6069C /* Earth.jpg in Resources */,
				41F4998E1C5BCCB200C6069C /* Venus.jpg in Resources */,
				41F499891C5BCCB200C6069C /* Mercury.jpg in Resources */,
				41F4998C1C5BCCB200C6069C /* Saturn.jpg in Resources */,
				41F4998D1C5BCCB200C6069C /* Uranus.jpg in Resources */,
				410D4FE41C5A63CD0088E0B8 /* LaunchScreen.storyboard in Resources */,
				41F4998A1C5BCCB200C6069C /* Neptune.jpg in Resources */,
				41F499881C5BCCB200C6069C /* Mars.jpg in Resources */,
				410D4FE11C5A63CD0088E0B8 /* Assets.xcassets in Resources */,
				410D4FDF1C5A63CD0088E0B8 /* Main.storyboard in Resources */,
				41F499861C5BCCB200C6069C /* EinsteinRing.jpg in Resources */,
				41F499871C5BCCB200C6069C /* Jupiter.jpg in Resources */,
				41F4998B1C5BCCB200C6069C /* Orion.jpg in Resources */,
			);
			runOnlyForDeploymentPostprocessing = 0;
		};
/* End PBXResourcesBuildPhase section */

/* Begin PBXSourcesBuildPhase section */
		410D4FCD1C5A63CD0088E0B8 /* Sources */ = {
			isa = PBXSourcesBuildPhase;
			buildActionMask = 2147483647;
			files = (
				41AF9ABE1C6823AD00D21093 /* OWAddSpaceObjectViewController.m in Sources */,
				410D4FED1C5A65270088E0B8 /* OuterSpaceTableViewController.m in Sources */,
				41F499911C5BCD9700C6069C /* OWSpaceObject.m in Sources */,
				410D4FD91C5A63CD0088E0B8 /* AppDelegate.m in Sources */,
				410D4FD61C5A63CD0088E0B8 /* main.m in Sources */,
				410D4FF01C5A9EA00088E0B8 /* AstronomicalData.m in Sources */,
				418422BE1C63ECE0004851B6 /* OWSpaceDataViewController.m in Sources */,
				41F499CB1C5C105600C6069C /* SpaceImageViewController.m in Sources */,
			);
			runOnlyForDeploymentPostprocessing = 0;
		};
/* End PBXSourcesBuildPhase section */

/* Begin PBXVariantGroup section */
		410D4FDD1C5A63CD0088E0B8 /* Main.storyboard */ = {
			isa = PBXVariantGroup;
			children = (
				410D4FDE1C5A63CD0088E0B8 /* Base */,
			);
			name = Main.storyboard;
			sourceTree = "<group>";
		};
		410D4FE21C5A63CD0088E0B8 /* LaunchScreen.storyboard */ = {
			isa = PBXVariantGroup;
			children = (
				410D4FE31C5A63CD0088E0B8 /* Base */,
			);
			name = LaunchScreen.storyboard;
			sourceTree = "<group>";
		};
/* End PBXVariantGroup section */

/* Begin XCBuildConfiguration section */
		410D4FE61C5A63CD0088E0B8 /* Debug */ = {
			isa = XCBuildConfiguration;
			buildSettings = {
				ALWAYS_SEARCH_USER_PATHS = NO;
				CLANG_CXX_LANGUAGE_STANDARD = "gnu++0x";
				CLANG_CXX_LIBRARY = "libc++";
				CLANG_ENABLE_MODULES = YES;
				CLANG_ENABLE_OBJC_ARC = YES;
				CLANG_WARN_BOOL_CONVERSION = YES;
				CLANG_WARN_CONSTANT_CONVERSION = YES;
				CLANG_WARN_DIRECT_OBJC_ISA_USAGE = YES_ERROR;
				CLANG_WARN_EMPTY_BODY = YES;
				CLANG_WARN_ENUM_CONVERSION = YES;
				CLANG_WARN_INT_CONVERSION = YES;
				CLANG_WARN_OBJC_ROOT_CLASS = YES_ERROR;
				CLANG_WARN_UNREACHABLE_CODE = YES;
				CLANG_WARN__DUPLICATE_METHOD_MATCH = YES;
				"CODE_SIGN_IDENTITY[sdk=iphoneos*]" = "iPhone Developer";
				COPY_PHASE_STRIP = NO;
				DEBUG_INFORMATION_FORMAT = dwarf;
				ENABLE_STRICT_OBJC_MSGSEND = YES;
				ENABLE_TESTABILITY = YES;
				GCC_C_LANGUAGE_STANDARD = gnu99;
				GCC_DYNAMIC_NO_PIC = NO;
				GCC_NO_COMMON_BLOCKS = YES;
				GCC_OPTIMIZATION_LEVEL = 0;
				GCC_PREPROCESSOR_DEFINITIONS = (
					"DEBUG=1",
					"$(inherited)",
				);
				GCC_WARN_64_TO_32_BIT_CONVERSION = YES;
				GCC_WARN_ABOUT_RETURN_TYPE = YES_ERROR;
				GCC_WARN_UNDECLARED_SELECTOR = YES;
				GCC_WARN_UNINITIALIZED_AUTOS = YES_AGGRESSIVE;
				GCC_WARN_UNUSED_FUNCTION = YES;
				GCC_WARN_UNUSED_VARIABLE = YES;
				IPHONEOS_DEPLOYMENT_TARGET = 9.2;
				MTL_ENABLE_DEBUG_INFO = YES;
				ONLY_ACTIVE_ARCH = YES;
				SDKROOT = iphoneos;
				TARGETED_DEVICE_FAMILY = "1,2";
			};
			name = Debug;
		};
		410D4FE71C5A63CD0088E0B8 /* Release */ = {
			isa = XCBuildConfiguration;
			buildSettings = {
				ALWAYS_SEARCH_USER_PATHS = NO;
				CLANG_CXX_LANGUAGE_STANDARD = "gnu++0x";
				CLANG_CXX_LIBRARY = "libc++";
				CLANG_ENABLE_MODULES = YES;
				CLANG_ENABLE_OBJC_ARC = YES;
				CLANG_WARN_BOOL_CONVERSION = YES;
				CLANG_WARN_CONSTANT_CONVERSION = YES;
				CLANG_WARN_DIRECT_OBJC_ISA_USAGE = YES_ERROR;
				CLANG_WARN_EMPTY_BODY = YES;
				CLANG_WARN_ENUM_CONVERSION = YES;
				CLANG_WARN_INT_CONVERSION = YES;
				CLANG_WARN_OBJC_ROOT_CLASS = YES_ERROR;
				CLANG_WARN_UNREACHABLE_CODE = YES;
				CLANG_WARN__DUPLICATE_METHOD_MATCH = YES;
				"CODE_SIGN_IDENTITY[sdk=iphoneos*]" = "iPhone Developer";
				COPY_PHASE_STRIP = NO;
				DEBUG_INFORMATION_FORMAT = "dwarf-with-dsym";
				ENABLE_NS_ASSERTIONS = NO;
				ENABLE_STRICT_OBJC_MSGSEND = YES;
				GCC_C_LANGUAGE_STANDARD = gnu99;
				GCC_NO_COMMON_BLOCKS = YES;
				GCC_WARN_64_TO_32_BIT_CONVERSION = YES;
				GCC_WARN_ABOUT_RETURN_TYPE = YES_ERROR;
				GCC_WARN_UNDECLARED_SELECTOR = YES;
				GCC_WARN_UNINITIALIZED_AUTOS = YES_AGGRESSIVE;
				GCC_WARN_UNUSED_FUNCTION = YES;
				GCC_WARN_UNUSED_VARIABLE = YES;
				IPHONEOS_DEPLOYMENT_TARGET = 9.2;
				MTL_ENABLE_DEBUG_INFO = NO;
				SDKROOT = iphoneos;
				TARGETED_DEVICE_FAMILY = "1,2";
				VALIDATE_PRODUCT = YES;
			};
			name = Release;
		};
		410D4FE91C5A63CD0088E0B8 /* Debug */ = {
			isa = XCBuildConfiguration;
			buildSettings = {
				ASSETCATALOG_COMPILER_APPICON_NAME = AppIcon;
				CODE_SIGN_IDENTITY = "iPhone Developer";
				INFOPLIST_FILE = "Out of this World/Info.plist";
				LD_RUNPATH_SEARCH_PATHS = "$(inherited) @executable_path/Frameworks";
				PRODUCT_BUNDLE_IDENTIFIER = "co.mindz.Out-of-this-World";
				PRODUCT_NAME = "$(TARGET_NAME)";
			};
			name = Debug;
		};
		410D4FEA1C5A63CD0088E0B8 /* Release */ = {
			isa = XCBuildConfiguration;
			buildSettings = {
				ASSETCATALOG_COMPILER_APPICON_NAME = AppIcon;
				CODE_SIGN_IDENTITY = "iPhone Developer";
				INFOPLIST_FILE = "Out of this World/Info.plist";
				LD_RUNPATH_SEARCH_PATHS = "$(inherited) @executable_path/Frameworks";
				PRODUCT_BUNDLE_IDENTIFIER = "co.mindz.Out-of-this-World";
				PRODUCT_NAME = "$(TARGET_NAME)";
			};
			name = Release;
		};
/* End XCBuildConfiguration section */

/* Begin XCConfigurationList section */
		410D4FCC1C5A63CD0088E0B8 /* Build configuration list for PBXProject "Out of this World" */ = {
			isa = XCConfigurationList;
			buildConfigurations = (
				410D4FE61C5A63CD0088E0B8 /* Debug */,
				410D4FE71C5A63CD0088E0B8 /* Release */,
			);
			defaultConfigurationIsVisible = 0;
			defaultConfigurationName = Release;
		};
		410D4FE81C5A63CD0088E0B8 /* Build configuration list for PBXNativeTarget "Out of this World" */ = {
			isa = XCConfigurationList;
			buildConfigurations = (
				410D4FE91C5A63CD0088E0B8 /* Debug */,
				410D4FEA1C5A63CD0088E0B8 /* Release */,
			);
			defaultConfigurationIsVisible = 0;
			defaultConfigurationName = Release;
		};
/* End XCConfigurationList section */
	};
	rootObject = 410D4FC91C5A63CD0088E0B8 /* Project object */;
}
